// !$*UTF8*$!
{
	archiveVersion = 1;
	classes = {
	};
	objectVersion = 50;
	objects = {

/* Begin PBXBuildFile section */
		C2753EA6262C97B800B4EF5C /* AppDelegate.swift in Sources */ = {isa = PBXBuildFile; fileRef = C2753EA5262C97B800B4EF5C /* AppDelegate.swift */; };
		C2753EA8262C97B800B4EF5C /* SceneDelegate.swift in Sources */ = {isa = PBXBuildFile; fileRef = C2753EA7262C97B800B4EF5C /* SceneDelegate.swift */; };
		C2753EAA262C97B800B4EF5C /* ViewController.swift in Sources */ = {isa = PBXBuildFile; fileRef = C2753EA9262C97B800B4EF5C /* ViewController.swift */; };
		C2753EAD262C97B800B4EF5C /* Main.storyboard in Resources */ = {isa = PBXBuildFile; fileRef = C2753EAB262C97B800B4EF5C /* Main.storyboard */; };
		C2753EAF262C97B800B4EF5C /* Assets.xcassets in Resources */ = {isa = PBXBuildFile; fileRef = C2753EAE262C97B800B4EF5C /* Assets.xcassets */; };
		C2753EB2262C97B800B4EF5C /* LaunchScreen.storyboard in Resources */ = {isa = PBXBuildFile; fileRef = C2753EB0262C97B800B4EF5C /* LaunchScreen.storyboard */; };
		C2753EBF262CAA7000B4EF5C /* Extensions.swift in Sources */ = {isa = PBXBuildFile; fileRef = C2753EBE262CAA6F00B4EF5C /* Extensions.swift */; };
/* End PBXBuildFile section */

/* Begin PBXFileReference section */
		C2753EA2262C97B800B4EF5C /* Quiz App.app */ = {isa = PBXFileReference; explicitFileType = wrapper.application; includeInIndex = 0; path = "Quiz App.app"; sourceTree = BUILT_PRODUCTS_DIR; };
		C2753EA5262C97B800B4EF5C /* AppDelegate.swift */ = {isa = PBXFileReference; lastKnownFileType = sourcecode.swift; path = AppDelegate.swift; sourceTree = "<group>"; };
		C2753EA7262C97B800B4EF5C /* SceneDelegate.swift */ = {isa = PBXFileReference; lastKnownFileType = sourcecode.swift; path = SceneDelegate.swift; sourceTree = "<group>"; };
		C2753EA9262C97B800B4EF5C /* ViewController.swift */ = {isa = PBXFileReference; lastKnownFileType = sourcecode.swift; path = ViewController.swift; sourceTree = "<group>"; };
		C2753EAC262C97B800B4EF5C /* Base */ = {isa = PBXFileReference; lastKnownFileType = file.storyboard; name = Base; path = Base.lproj/Main.storyboard; sourceTree = "<group>"; };
		C2753EAE262C97B800B4EF5C /* Assets.xcassets */ = {isa = PBXFileReference; lastKnownFileType = folder.assetcatalog; path = Assets.xcassets; sourceTree = "<group>"; };
		C2753EB1262C97B800B4EF5C /* Base */ = {isa = PBXFileReference; lastKnownFileType = file.storyboard; name = Base; path = Base.lproj/LaunchScreen.storyboard; sourceTree = "<group>"; };
		C2753EB3262C97B800B4EF5C /* Info.plist */ = {isa = PBXFileReference; lastKnownFileType = text.plist.xml; path = Info.plist; sourceTree = "<group>"; };
		C2753EBE262CAA6F00B4EF5C /* Extensions.swift */ = {isa = PBXFileReference; fileEncoding = 4; lastKnownFileType = sourcecode.swift; path = Extensions.swift; sourceTree = "<group>"; };
/* End PBXFileReference section */

/* Begin PBXFrameworksBuildPhase section */
		C2753E9F262C97B800B4EF5C /* Frameworks */ = {
			isa = PBXFrameworksBuildPhase;
			buildActionMask = 2147483647;
			files = (
			);
			runOnlyForDeploymentPostprocessing = 0;
		};
/* End PBXFrameworksBuildPhase section */

/* Begin PBXGroup section */
		C2753E99262C97B800B4EF5C = {
			isa = PBXGroup;
			children = (
				C2753EA4262C97B800B4EF5C /* Quiz App */,
				C2753EA3262C97B800B4EF5C /* Products */,
			);
			sourceTree = "<group>";
		};
		C2753EA3262C97B800B4EF5C /* Products */ = {
			isa = PBXGroup;
			children = (
				C2753EA2262C97B800B4EF5C /* Quiz App.app */,
			);
			name = Products;
			sourceTree = "<group>";
		};
		C2753EA4262C97B800B4EF5C /* Quiz App */ = {
			isa = PBXGroup;
			children = (
				C2753EBE262CAA6F00B4EF5C /* Extensions.swift */,
				C2753EBC262C97CD00B4EF5C /* Model */,
				C2753EBB262C97C700B4EF5C /* Controller */,
				C2753EBA262C97BE00B4EF5C /* View */,
				C2753EB0262C97B800B4EF5C /* LaunchScreen.storyboard */,
				C2753EB3262C97B800B4EF5C /* Info.plist */,
			);
			path = "Quiz App";
			sourceTree = "<group>";
		};
		C2753EBA262C97BE00B4EF5C /* View */ = {
			isa = PBXGroup;
			children = (
				C2753EAE262C97B800B4EF5C /* Assets.xcassets */,
				C2753EAB262C97B800B4EF5C /* Main.storyboard */,
			);
			path = View;
			sourceTree = "<group>";
		};
		C2753EBB262C97C700B4EF5C /* Controller */ = {
			isa = PBXGroup;
			children = (
				C2753EA9262C97B800B4EF5C /* ViewController.swift */,
				C2753EA7262C97B800B4EF5C /* SceneDelegate.swift */,
				C2753EA5262C97B800B4EF5C /* AppDelegate.swift */,
			);
			path = Controller;
			sourceTree = "<group>";
		};
		C2753EBC262C97CD00B4EF5C /* Model */ = {
			isa = PBXGroup;
			children = (
			);
			path = Model;
			sourceTree = "<group>";
		};
/* End PBXGroup section */

/* Begin PBXNativeTarget section */
		C2753EA1262C97B800B4EF5C /* Quiz App */ = {
			isa = PBXNativeTarget;
			buildConfigurationList = C2753EB6262C97B800B4EF5C /* Build configuration list for PBXNativeTarget "Quiz App" */;
			buildPhases = (
				C2753E9E262C97B800B4EF5C /* Sources */,
				C2753E9F262C97B800B4EF5C /* Frameworks */,
				C2753EA0262C97B800B4EF5C /* Resources */,
			);
			buildRules = (
			);
			dependencies = (
			);
			name = "Quiz App";
			productName = "Quiz App";
			productReference = C2753EA2262C97B800B4EF5C /* Quiz App.app */;
			productType = "com.apple.product-type.application";
		};
/* End PBXNativeTarget section */

/* Begin PBXProject section */
		C2753E9A262C97B800B4EF5C /* Project object */ = {
			isa = PBXProject;
			attributes = {
				LastSwiftUpdateCheck = 1240;
				LastUpgradeCheck = 1240;
				TargetAttributes = {
					C2753EA1262C97B800B4EF5C = {
						CreatedOnToolsVersion = 12.4;
					};
				};
			};
			buildConfigurationList = C2753E9D262C97B800B4EF5C /* Build configuration list for PBXProject "Quiz App" */;
			compatibilityVersion = "Xcode 9.3";
			developmentRegion = en;
			hasScannedForEncodings = 0;
			knownRegions = (
				en,
				Base,
			);
			mainGroup = C2753E99262C97B800B4EF5C;
			productRefGroup = C2753EA3262C97B800B4EF5C /* Products */;
			projectDirPath = "";
			projectRoot = "";
			targets = (
				C2753EA1262C97B800B4EF5C /* Quiz App */,
			);
		};
/* End PBXProject section */

/* Begin PBXResourcesBuildPhase section */
		C2753EA0262C97B800B4EF5C /* Resources */ = {
			isa = PBXResourcesBuildPhase;
			buildActionMask = 2147483647;
			files = (
				C2753EB2262C97B800B4EF5C /* LaunchScreen.storyboard in Resources */,
				C2753EAF262C97B800B4EF5C /* Assets.xcassets in Resources */,
				C2753EAD262C97B800B4EF5C /* Main.storyboard in Resources */,
			);
			runOnlyForDeploymentPostprocessing = 0;
		};
/* End PBXResourcesBuildPhase section */

/* Begin PBXSourcesBuildPhase section */
		C2753E9E262C97B800B4EF5C /* Sources */ = {
			isa = PBXSourcesBuildPhase;
			buildActionMask = 2147483647;
			files = (
				C2753EAA262C97B800B4EF5C /* ViewController.swift in Sources */,
				C2753EA6262C97B800B4EF5C /* AppDelegate.swift in Sources */,
				C2753EA8262C97B800B4EF5C /* SceneDelegate.swift in Sources */,
				C2753EBF262CAA7000B4EF5C /* Extensions.swift in Sources */,
			);
			runOnlyForDeploymentPostprocessing = 0;
		};
/* End PBXSourcesBuildPhase section */

/* Begin PBXVariantGroup section */
		C2753EAB262C97B800B4EF5C /* Main.storyboard */ = {
			isa = PBXVariantGroup;
			children = (
				C2753EAC262C97B800B4EF5C /* Base */,
			);
			name = Main.storyboard;
			sourceTree = "<group>";
		};
		C2753EB0262C97B800B4EF5C /* LaunchScreen.storyboard */ = {
			isa = PBXVariantGroup;
			children = (
				C2753EB1262C97B800B4EF5C /* Base */,
			);
			name = LaunchScreen.storyboard;
			sourceTree = "<group>";
		};
/* End PBXVariantGroup section */

/* Begin XCBuildConfiguration section */
		C2753EB4262C97B800B4EF5C /* Debug */ = {
			isa = XCBuildConfiguration;
			buildSettings = {
				ALWAYS_SEARCH_USER_PATHS = NO;
				CLANG_ANALYZER_NONNULL = YES;
				CLANG_ANALYZER_NUMBER_OBJECT_CONVERSION = YES_AGGRESSIVE;
				CLANG_CXX_LANGUAGE_STANDARD = "gnu++14";
				CLANG_CXX_LIBRARY = "libc++";
				CLANG_ENABLE_MODULES = YES;
				CLANG_ENABLE_OBJC_ARC = YES;
				CLANG_ENABLE_OBJC_WEAK = YES;
				CLANG_WARN_BLOCK_CAPTURE_AUTORELEASING = YES;
				CLANG_WARN_BOOL_CONVERSION = YES;
				CLANG_WARN_COMMA = YES;
				CLANG_WARN_CONSTANT_CONVERSION = YES;
				CLANG_WARN_DEPRECATED_OBJC_IMPLEMENTATIONS = YES;
				CLANG_WARN_DIRECT_OBJC_ISA_USAGE = YES_ERROR;
				CLANG_WARN_DOCUMENTATION_COMMENTS = YES;
				CLANG_WARN_EMPTY_BODY = YES;
				CLANG_WARN_ENUM_CONVERSION = YES;
				CLANG_WARN_INFINITE_RECURSION = YES;
				CLANG_WARN_INT_CONVERSION = YES;
				CLANG_WARN_NON_LITERAL_NULL_CONVERSION = YES;
				CLANG_WARN_OBJC_IMPLICIT_RETAIN_SELF = YES;
				CLANG_WARN_OBJC_LITERAL_CONVERSION = YES;
				CLANG_WARN_OBJC_ROOT_CLASS = YES_ERROR;
				CLANG_WARN_QUOTED_INCLUDE_IN_FRAMEWORK_HEADER = YES;
				CLANG_WARN_RANGE_LOOP_ANALYSIS = YES;
				CLANG_WARN_STRICT_PROTOTYPES = YES;
				CLANG_WARN_SUSPICIOUS_MOVE = YES;
				CLANG_WARN_UNGUARDED_AVAILABILITY = YES_AGGRESSIVE;
				CLANG_WARN_UNREACHABLE_CODE = YES;
				CLANG_WARN__DUPLICATE_METHOD_MATCH = YES;
				COPY_PHASE_STRIP = NO;
				DEBUG_INFORMATION_FORMAT = dwarf;
				ENABLE_STRICT_OBJC_MSGSEND = YES;
				ENABLE_TESTABILITY = YES;
				GCC_C_LANGUAGE_STANDARD = gnu11;
				GCC_DYNAMIC_NO_PIC = NO;
				GCC_NO_COMMON_BLOCKS = YES;
				GCC_OPTIMIZATION_LEVEL = 0;
				GCC_PREPROCESSOR_DEFINITIONS = (
					"DEBUG=1",
					"$(inherited)",
				);
				GCC_WARN_64_TO_32_BIT_CONVERSION = YES;
				GCC_WARN_ABOUT_RETURN_TYPE = YES_ERROR;
				GCC_WARN_UNDECLARED_SELECTOR = YES;
				GCC_WARN_UNINITIALIZED_AUTOS = YES_AGGRESSIVE;
				GCC_WARN_UNUSED_FUNCTION = YES;
				GCC_WARN_UNUSED_VARIABLE = YES;
				IPHONEOS_DEPLOYMENT_TARGET = 14.4;
				MTL_ENABLE_DEBUG_INFO = INCLUDE_SOURCE;
				MTL_FAST_MATH = YES;
				ONLY_ACTIVE_ARCH = YES;
				SDKROOT = iphoneos;
				SWIFT_ACTIVE_COMPILATION_CONDITIONS = DEBUG;
				SWIFT_OPTIMIZATION_LEVEL = "-Onone";
			};
			name = Debug;
		};
		C2753EB5262C97B800B4EF5C /* Release */ = {
			isa = XCBuildConfiguration;
			buildSettings = {
				ALWAYS_SEARCH_USER_PATHS = NO;
				CLANG_ANALYZER_NONNULL = YES;
				CLANG_ANALYZER_NUMBER_OBJECT_CONVERSION = YES_AGGRESSIVE;
				CLANG_CXX_LANGUAGE_STANDARD = "gnu++14";
				CLANG_CXX_LIBRARY = "libc++";
				CLANG_ENABLE_MODULES = YES;
				CLANG_ENABLE_OBJC_ARC = YES;
				CLANG_ENABLE_OBJC_WEAK = YES;
				CLANG_WARN_BLOCK_CAPTURE_AUTORELEASING = YES;
				CLANG_WARN_BOOL_CONVERSION = YES;
				CLANG_WARN_COMMA = YES;
				CLANG_WARN_CONSTANT_CONVERSION = YES;
				CLANG_WARN_DEPRECATED_OBJC_IMPLEMENTATIONS = YES;
				CLANG_WARN_DIRECT_OBJC_ISA_USAGE = YES_ERROR;
				CLANG_WARN_DOCUMENTATION_COMMENTS = YES;
				CLANG_WARN_EMPTY_BODY = YES;
				CLANG_WARN_ENUM_CONVERSION = YES;
				CLANG_WARN_INFINITE_RECURSION = YES;
				CLANG_WARN_INT_CONVERSION = YES;
				CLANG_WARN_NON_LITERAL_NULL_CONVERSION = YES;
				CLANG_WARN_OBJC_IMPLICIT_RETAIN_SELF = YES;
				CLANG_WARN_OBJC_LITERAL_CONVERSION = YES;
				CLANG_WARN_OBJC_ROOT_CLASS = YES_ERROR;
				CLANG_WARN_QUOTED_INCLUDE_IN_FRAMEWORK_HEADER = YES;
				CLANG_WARN_RANGE_LOOP_ANALYSIS = YES;
				CLANG_WARN_STRICT_PROTOTYPES = YES;
				CLANG_WARN_SUSPICIOUS_MOVE = YES;
				CLANG_WARN_UNGUARDED_AVAILABILITY = YES_AGGRESSIVE;
				CLANG_WARN_UNREACHABLE_CODE = YES;
				CLANG_WARN__DUPLICATE_METHOD_MATCH = YES;
				COPY_PHASE_STRIP = NO;
				DEBUG_INFORMATION_FORMAT = "dwarf-with-dsym";
				ENABLE_NS_ASSERTIONS = NO;
				ENABLE_STRICT_OBJC_MSGSEND = YES;
				GCC_C_LANGUAGE_STANDARD = gnu11;
				GCC_NO_COMMON_BLOCKS = YES;
				GCC_WARN_64_TO_32_BIT_CONVERSION = YES;
				GCC_WARN_ABOUT_RETURN_TYPE = YES_ERROR;
				GCC_WARN_UNDECLARED_SELECTOR = YES;
				GCC_WARN_UNINITIALIZED_AUTOS = YES_AGGRESSIVE;
				GCC_WARN_UNUSED_FUNCTION = YES;
				GCC_WARN_UNUSED_VARIABLE = YES;
				IPHONEOS_DEPLOYMENT_TARGET = 14.4;
				MTL_ENABLE_DEBUG_INFO = NO;
				MTL_FAST_MATH = YES;
				SDKROOT = iphoneos;
				SWIFT_COMPILATION_MODE = wholemodule;
				SWIFT_OPTIMIZATION_LEVEL = "-O";
				VALIDATE_PRODUCT = YES;
			};
			name = Release;
		};
		C2753EB7262C97B800B4EF5C /* Debug */ = {
			isa = XCBuildConfiguration;
			buildSettings = {
				ASSETCATALOG_COMPILER_APPICON_NAME = AppIcon;
				ASSETCATALOG_COMPILER_GLOBAL_ACCENT_COLOR_NAME = AccentColor;
				CODE_SIGN_STYLE = Automatic;
				DEVELOPMENT_TEAM = FWNUQ442SS;
				INFOPLIST_FILE = "Quiz App/Info.plist";
				LD_RUNPATH_SEARCH_PATHS = (
					"$(inherited)",
					"@executable_path/Frameworks",
				);
				PRODUCT_BUNDLE_IDENTIFIER = "com.devElabs.QuizApp.Quiz-App";
				PRODUCT_NAME = "$(TARGET_NAME)";
				SWIFT_VERSION = 5.0;
				TARGETED_DEVICE_FAMILY = "1,2";
			};
			name = Debug;
		};
		C2753EB8262C97B800B4EF5C /* Release */ = {
			isa = XCBuildConfiguration;
			buildSettings = {
				ASSETCATALOG_COMPILER_APPICON_NAME = AppIcon;
				ASSETCATALOG_COMPILER_GLOBAL_ACCENT_COLOR_NAME = AccentColor;
				CODE_SIGN_STYLE = Automatic;
				DEVELOPMENT_TEAM = FWNUQ442SS;
				INFOPLIST_FILE = "Quiz App/Info.plist";
				LD_RUNPATH_SEARCH_PATHS = (
					"$(inherited)",
					"@executable_path/Frameworks",
				);
				PRODUCT_BUNDLE_IDENTIFIER = "com.devElabs.QuizApp.Quiz-App";
				PRODUCT_NAME = "$(TARGET_NAME)";
				SWIFT_VERSION = 5.0;
				TARGETED_DEVICE_FAMILY = "1,2";
			};
			name = Release;
		};
/* End XCBuildConfiguration section */

/* Begin XCConfigurationList section */
		C2753E9D262C97B800B4EF5C /* Build configuration list for PBXProject "Quiz App" */ = {
			isa = XCConfigurationList;
			buildConfigurations = (
				C2753EB4262C97B800B4EF5C /* Debug */,
				C2753EB5262C97B800B4EF5C /* Release */,
			);
			defaultConfigurationIsVisible = 0;
			defaultConfigurationName = Release;
		};
		C2753EB6262C97B800B4EF5C /* Build configuration list for PBXNativeTarget "Quiz App" */ = {
			isa = XCConfigurationList;
			buildConfigurations = (
				C2753EB7262C97B800B4EF5C /* Debug */,
				C2753EB8262C97B800B4EF5C /* Release */,
			);
			defaultConfigurationIsVisible = 0;
			defaultConfigurationName = Release;
		};
/* End XCConfigurationList section */
	};
	rootObject = C2753E9A262C97B800B4EF5C /* Project object */;
}
